
Microsoft Visual Studio Solution File, Format Version 12.00
# Visual Studio 2012
Project("{8BC9CEB8-8B4A-11D0-8D11-00A0C91BC942}") = "CJ2009R1C-AllYourBase-cpp", "CJ2009R1C-AllYourBase-cpp.vcxproj", "{327239C3-2CB8-4C3B-B415-9EB144F51510}"
EndProject
Global
	GlobalSection(SolutionConfigurationPlatforms) = preSolution
		Debug|Win32 = Debug|Win32
		Release|Win32 = Release|Win32
	EndGlobalSection
	GlobalSection(ProjectConfigurationPlatforms) = postSolution
		{327239C3-2CB8-4C3B-B415-9EB144F51510}.Debug|Win32.ActiveCfg = Debug|Win32
		{327239C3-2CB8-4C3B-B415-9EB144F51510}.Debug|Win32.Build.0 = Debug|Win32
		{327239C3-2CB8-4C3B-B415-9EB144F51510}.Release|Win32.ActiveCfg = Release|Win32
		{327239C3-2CB8-4C3B-B415-9EB144F51510}.Release|Win32.Build.0 = Release|Win32
	EndGlobalSection
	GlobalSection(SolutionProperties) = preSolution
		HideSolutionNode = FALSE
	EndGlobalSection
EndGlobal
