
Microsoft Visual Studio Solution File, Format Version 12.00
# Visual Studio 2012
Project("{FAE04EC0-301F-11D3-BF4B-00C04F79EFBC}") = "CJ2012QR-SpeakingInTongues-cs", "CJ2012QR-SpeakingInTongues-cs.csproj", "{252C2CBE-75C6-4501-B800-697E0B03AA16}"
EndProject
Global
	GlobalSection(SolutionConfigurationPlatforms) = preSolution
		Debug|Any CPU = Debug|Any CPU
		Release|Any CPU = Release|Any CPU
	EndGlobalSection
	GlobalSection(ProjectConfigurationPlatforms) = postSolution
		{252C2CBE-75C6-4501-B800-697E0B03AA16}.Debug|Any CPU.ActiveCfg = Debug|Any CPU
		{252C2CBE-75C6-4501-B800-697E0B03AA16}.Debug|Any CPU.Build.0 = Debug|Any CPU
		{252C2CBE-75C6-4501-B800-697E0B03AA16}.Release|Any CPU.ActiveCfg = Release|Any CPU
		{252C2CBE-75C6-4501-B800-697E0B03AA16}.Release|Any CPU.Build.0 = Release|Any CPU
	EndGlobalSection
	GlobalSection(SolutionProperties) = preSolution
		HideSolutionNode = FALSE
	EndGlobalSection
EndGlobal
