
Microsoft Visual Studio Solution File, Format Version 12.00
# Visual Studio 2012
Project("{FAE04EC0-301F-11D3-BF4B-00C04F79EFBC}") = "Tic-Tac-Toe-Tomek", "Tic-Tac-Toe-Tomek\Tic-Tac-Toe-Tomek.csproj", "{05D0D434-D6DF-452D-86EA-F37CFD7842CE}"
EndProject
Project("{FAE04EC0-301F-11D3-BF4B-00C04F79EFBC}") = "Lawnmower", "Lawnmower\Lawnmower.csproj", "{10609AB9-AF0A-4FB8-9516-9BC0B516474C}"
EndProject
Project("{FAE04EC0-301F-11D3-BF4B-00C04F79EFBC}") = "Fair-and-Square", "Fair-and-Square\Fair-and-Square.csproj", "{A7EFF8C3-7832-4901-956C-2F62FE91394F}"
EndProject
Project("{FAE04EC0-301F-11D3-BF4B-00C04F79EFBC}") = "Treasure", "Treasure\Treasure.csproj", "{EFA8E3B3-92C7-4ECF-9B3A-202A8F61C3B6}"
EndProject
Global
	GlobalSection(SolutionConfigurationPlatforms) = preSolution
		Debug|Any CPU = Debug|Any CPU
		Release|Any CPU = Release|Any CPU
	EndGlobalSection
	GlobalSection(ProjectConfigurationPlatforms) = postSolution
		{05D0D434-D6DF-452D-86EA-F37CFD7842CE}.Debug|Any CPU.ActiveCfg = Debug|Any CPU
		{05D0D434-D6DF-452D-86EA-F37CFD7842CE}.Debug|Any CPU.Build.0 = Debug|Any CPU
		{05D0D434-D6DF-452D-86EA-F37CFD7842CE}.Release|Any CPU.ActiveCfg = Release|Any CPU
		{05D0D434-D6DF-452D-86EA-F37CFD7842CE}.Release|Any CPU.Build.0 = Release|Any CPU
		{10609AB9-AF0A-4FB8-9516-9BC0B516474C}.Debug|Any CPU.ActiveCfg = Debug|Any CPU
		{10609AB9-AF0A-4FB8-9516-9BC0B516474C}.Debug|Any CPU.Build.0 = Debug|Any CPU
		{10609AB9-AF0A-4FB8-9516-9BC0B516474C}.Release|Any CPU.ActiveCfg = Release|Any CPU
		{10609AB9-AF0A-4FB8-9516-9BC0B516474C}.Release|Any CPU.Build.0 = Release|Any CPU
		{A7EFF8C3-7832-4901-956C-2F62FE91394F}.Debug|Any CPU.ActiveCfg = Debug|Any CPU
		{A7EFF8C3-7832-4901-956C-2F62FE91394F}.Debug|Any CPU.Build.0 = Debug|Any CPU
		{A7EFF8C3-7832-4901-956C-2F62FE91394F}.Release|Any CPU.ActiveCfg = Release|Any CPU
		{A7EFF8C3-7832-4901-956C-2F62FE91394F}.Release|Any CPU.Build.0 = Release|Any CPU
		{EFA8E3B3-92C7-4ECF-9B3A-202A8F61C3B6}.Debug|Any CPU.ActiveCfg = Debug|Any CPU
		{EFA8E3B3-92C7-4ECF-9B3A-202A8F61C3B6}.Debug|Any CPU.Build.0 = Debug|Any CPU
		{EFA8E3B3-92C7-4ECF-9B3A-202A8F61C3B6}.Release|Any CPU.ActiveCfg = Release|Any CPU
		{EFA8E3B3-92C7-4ECF-9B3A-202A8F61C3B6}.Release|Any CPU.Build.0 = Release|Any CPU
	EndGlobalSection
	GlobalSection(SolutionProperties) = preSolution
		HideSolutionNode = FALSE
	EndGlobalSection
EndGlobal
